{
  "version": 4,
  "terraform_version": "1.11.1",
  "serial": 31,
  "lineage": "f031bb52-c0a3-4c69-50a7-09f20d6734c2",
  "outputs": {
    "cf_api_url": {
      "value": "https://api.cf.us10-001.hana.ondemand.com",
      "type": "string"
    },
    "cf_landscape_label": {
      "value": "cf-us10-001",
      "type": "string"
    },
    "cf_org_id": {
      "value": "15c8a522-236c-46e3-8be2-053d4144758c",
      "type": "string"
    },
    "subaccount_url": {
      "value": "https://account.hanatrial.ondemand.com/trial/#/globalaccount/ee21b1e8-9b5f-469c-bb05-ed28327f28a2/subaccount/e5871b13-4ec3-4b2d-b116-3b16e315557a",
      "type": "string"
    }
  },
  "resources": [
    {
      "mode": "data",
      "type": "btp_globalaccount",
      "name": "this",
      "provider": "provider[\"registry.terraform.io/sap/btp\"]",
      "instances": [
        {
          "schema_version": 0,
          "attributes": {
            "commercial_model": "Subscription",
            "consumption_based": false,
            "contract_status": "ACTIVE",
            "costobject_id": null,
            "costobject_type": null,
            "created_date": "2025-03-05T14:15:23Z",
            "crm_customer_id": null,
            "crm_tenant_id": null,
            "description": "",
            "expiry_date": null,
            "geo_access": "STANDARD",
            "id": "ee21b1e8-9b5f-469c-bb05-ed28327f28a2",
            "last_modified": "2025-03-05T14:15:41Z",
            "license_type": "TRIAL",
            "name": "a87dddf9trial",
            "origin": "",
            "renewal_date": "2025-03-05T14:15:23Z",
            "service_id": null,
            "state": "OK",
            "subdomain": "a87dddf9trial-ga",
            "usage": null
          },
          "sensitive_attributes": []
        }
      ]
    },
    {
      "mode": "data",
      "type": "btp_subaccount_environments",
      "name": "all",
      "provider": "provider[\"registry.terraform.io/sap/btp\"]",
      "instances": [
        {
          "schema_version": 0,
          "attributes": {
            "id": "e5871b13-4ec3-4b2d-b116-3b16e315557a",
            "subaccount_id": "e5871b13-4ec3-4b2d-b116-3b16e315557a",
            "values": [
              {
                "availability_level": "ACTIVE",
                "description": "Create organization in cloud foundry - trial based",
                "environment_type": "cloudfoundry",
                "landscape_label": "cf-us10-001",
                "plan_name": "trial",
                "plan_updateable": false,
                "schema_create": "{\"parameters\":{\"schema\":\"http://json-schema.org/draft-07/schema#\",\"_show_form_view\":true,\"type\":\"object\",\"properties\":{\"instance_name\":{\"title\":\"Org Name\",\"description\":\"Cloud Foundry organization name\",\"type\":\"string\",\"minLength\":1,\"_BTPdefaultTemplate\":{\"elements\":[\"gaDisplayName\",\"saSubdomain\"],\"separator\":\"_\"}}},\"required\":[\"instance_name\"]}}",
                "schema_update": "",
                "service_description": "An efficient model for cloud-native application delivery",
                "service_display_name": "Cloud Foundry Runtime",
                "service_name": "cloudfoundry",
                "technical_key": ""
              }
            ]
          },
          "sensitive_attributes": []
        }
      ]
    },
    {
      "mode": "managed",
      "type": "btp_subaccount",
      "name": "project_subaccount",
      "provider": "provider[\"registry.terraform.io/sap/btp\"]",
      "instances": [
        {
          "schema_version": 0,
          "attributes": {
            "beta_enabled": true,
            "created_by": "",
            "created_date": "2025-03-11T09:35:48Z",
            "description": "",
            "id": "e5871b13-4ec3-4b2d-b116-3b16e315557a",
            "labels": {
              "costcenter": [
                "12345"
              ],
              "stage": [
                "DEV"
              ]
            },
            "last_modified": "2025-03-11T09:36:09Z",
            "name": "DEV Project ABC",
            "parent_features": null,
            "parent_id": "ee21b1e8-9b5f-469c-bb05-ed28327f28a2",
            "region": "us10",
            "state": "OK",
            "subdomain": "dev-project-abc-7e8a0d43-bb65-1c5a-ef52-26d2eab8137a",
            "usage": "UNSET"
          },
          "sensitive_attributes": [],
          "dependencies": [
            "random_uuid.uuid"
          ]
        }
      ]
    },
    {
      "mode": "managed",
      "type": "btp_subaccount_environment_instance",
      "name": "cloudfoundry",
      "provider": "provider[\"registry.terraform.io/sap/btp\"]",
      "instances": [
        {
          "schema_version": 0,
          "attributes": {
            "broker_id": "985B006B-820E-40BF-AC53-AB3D2B86C294",
            "created_date": "2025-03-11T15:14:37Z",
            "custom_labels": {},
            "dashboard_url": "",
            "description": "",
            "environment_type": "cloudfoundry",
            "id": "FA661D5B-6B6F-46EA-A5D5-90DA05B132EA",
            "labels": "{\"API Endpoint\":\"https://api.cf.us10-001.hana.ondemand.com\",\"Org Name\":\"dev-project-abc-7e8a0d43-bb65-1c5a-ef52-26d2eab8137a\",\"Org ID\":\"15c8a522-236c-46e3-8be2-053d4144758c\",\"Org Memory Limit\":\"0MB\"}",
            "landscape_label": "cf-us10-001",
            "last_modified": "2025-03-11T15:14:51Z",
            "name": "dev-project-abc-7e8a0d43-bb65-1c5a-ef52-26d2eab8137a",
            "operation": "provision",
            "parameters": "{\"instance_name\":\"dev-project-abc-7e8a0d43-bb65-1c5a-ef52-26d2eab8137a\"}",
            "plan_id": "267b5620-3011-4c48-8e56-8d103876275b",
            "plan_name": "trial",
            "platform_id": "15c8a522-236c-46e3-8be2-053d4144758c",
            "service_id": "fa31b750-375f-4268-bee1-604811a89fd9",
            "service_name": "cloudfoundry",
            "state": "OK",
            "subaccount_id": "e5871b13-4ec3-4b2d-b116-3b16e315557a",
            "tenant_id": "e5871b13-4ec3-4b2d-b116-3b16e315557a",
            "timeouts": null,
            "type": "Provision"
          },
          "sensitive_attributes": [],
          "dependencies": [
            "btp_subaccount.project_subaccount",
            "data.btp_subaccount_environments.all",
            "random_uuid.uuid",
            "terraform_data.cf_landscape_label"
          ]
        }
      ]
    },
    {
      "mode": "managed",
      "type": "btp_subaccount_role_collection_assignment",
      "name": "emergency_adminitrators",
      "provider": "provider[\"registry.terraform.io/sap/btp\"]",
      "instances": [
        {
          "index_key": "garnet.star15@gmail.com",
          "schema_version": 0,
          "attributes": {
            "attribute_name": null,
            "attribute_value": null,
            "group_name": null,
            "id": "e5871b13-4ec3-4b2d-b116-3b16e315557a,Subaccount Administrator,garnet.star15@gmail.com",
            "origin": "ldap",
            "role_collection_name": "Subaccount Administrator",
            "subaccount_id": "e5871b13-4ec3-4b2d-b116-3b16e315557a",
            "user_name": "garnet.star15@gmail.com"
          },
          "sensitive_attributes": [],
          "dependencies": [
            "btp_subaccount.project_subaccount",
            "random_uuid.uuid"
          ]
        },
        {
          "index_key": "mnsbehra@gmail.com",
          "schema_version": 0,
          "attributes": {
            "attribute_name": null,
            "attribute_value": null,
            "group_name": null,
            "id": "e5871b13-4ec3-4b2d-b116-3b16e315557a,Subaccount Administrator,mnsbehra@gmail.com",
            "origin": "ldap",
            "role_collection_name": "Subaccount Administrator",
            "subaccount_id": "e5871b13-4ec3-4b2d-b116-3b16e315557a",
            "user_name": "mnsbehra@gmail.com"
          },
          "sensitive_attributes": [],
          "dependencies": [
            "btp_subaccount.project_subaccount",
            "random_uuid.uuid"
          ]
        }
      ]
    },
    {
      "mode": "managed",
      "type": "random_uuid",
      "name": "uuid",
      "provider": "provider[\"registry.terraform.io/hashicorp/random\"]",
      "instances": [
        {
          "schema_version": 0,
          "attributes": {
            "id": "7e8a0d43-bb65-1c5a-ef52-26d2eab8137a",
            "keepers": null,
            "result": "7e8a0d43-bb65-1c5a-ef52-26d2eab8137a"
          },
          "sensitive_attributes": []
        }
      ]
    },
    {
      "mode": "managed",
      "type": "terraform_data",
      "name": "cf_landscape_label",
      "provider": "provider[\"terraform.io/builtin/terraform\"]",
      "instances": [
        {
          "schema_version": 0,
          "attributes": {
            "id": "02a41b92-a61c-c5cf-15ee-5da6a181ed04",
            "input": {
              "value": "cf-us10-001",
              "type": "string"
            },
            "output": {
              "value": "cf-us10-001",
              "type": "string"
            },
            "triggers_replace": null
          },
          "sensitive_attributes": [],
          "dependencies": [
            "btp_subaccount.project_subaccount",
            "data.btp_subaccount_environments.all",
            "random_uuid.uuid"
          ]
        }
      ]
    },
    {
      "module": "module.srvc_baseline",
      "mode": "data",
      "type": "btp_subaccount_service_plan",
      "name": "alert_notification_service_standard",
      "provider": "provider[\"registry.terraform.io/sap/btp\"]",
      "instances": [
        {
          "schema_version": 0,
          "attributes": {
            "bindable": false,
            "catalog_id": "760987b6-6277-4e0f-91e9-543a02d1631c",
            "catalog_name": "standard",
            "created_date": "2019-10-07T08:00:06Z",
            "description": "Allows consumption of SAP Alert Notification service events as well as posting custom events",
            "free": false,
            "id": "1a92101d-2e60-46f8-b41d-63489003dcd3",
            "last_modified": "2025-03-12T15:54:58Z",
            "name": "standard",
            "offering_name": "alert-notification",
            "ready": true,
            "serviceoffering_id": "6f3240fe-c9f9-4b7e-b8a5-7528269106a2",
            "shareable": false,
            "subaccount_id": "e5871b13-4ec3-4b2d-b116-3b16e315557a"
          },
          "sensitive_attributes": []
        }
      ]
    },
    {
      "module": "module.srvc_baseline",
      "mode": "managed",
      "type": "btp_subaccount_entitlement",
      "name": "alert_notification_service_standard",
      "provider": "provider[\"registry.terraform.io/sap/btp\"]",
      "instances": [
        {
          "schema_version": 0,
          "attributes": {
            "amount": 1,
            "category": "ELASTIC_SERVICE",
            "created_date": "2025-03-11T14:42:13Z",
            "id": "alertnotificationservicecf",
            "last_modified": "2025-03-11T14:42:16Z",
            "plan_id": "alertnotificationservicecf",
            "plan_name": "standard",
            "service_name": "alert-notification",
            "state": "OK",
            "subaccount_id": "e5871b13-4ec3-4b2d-b116-3b16e315557a"
          },
          "sensitive_attributes": [],
          "dependencies": [
            "btp_subaccount.project_subaccount",
            "random_uuid.uuid"
          ]
        }
      ]
    },
    {
      "module": "module.srvc_baseline",
      "mode": "managed",
      "type": "btp_subaccount_entitlement",
      "name": "feature_flags_dashboard_app",
      "provider": "provider[\"registry.terraform.io/sap/btp\"]",
      "instances": [
        {
          "schema_version": 0,
          "attributes": {
            "amount": 1,
            "category": "APPLICATION",
            "created_date": "2025-03-11T14:42:14Z",
            "id": "feature-flags-dashboard",
            "last_modified": "2025-03-11T14:42:17Z",
            "plan_id": "feature-flags-dashboard",
            "plan_name": "dashboard",
            "service_name": "feature-flags-dashboard",
            "state": "OK",
            "subaccount_id": "e5871b13-4ec3-4b2d-b116-3b16e315557a"
          },
          "sensitive_attributes": [],
          "dependencies": [
            "btp_subaccount.project_subaccount",
            "random_uuid.uuid"
          ]
        }
      ]
    },
    {
      "module": "module.srvc_baseline",
      "mode": "managed",
      "type": "btp_subaccount_entitlement",
      "name": "feature_flags_service_lite",
      "provider": "provider[\"registry.terraform.io/sap/btp\"]",
      "instances": [
        {
          "schema_version": 0,
          "attributes": {
            "amount": 1,
            "category": "ELASTIC_SERVICE",
            "created_date": "2025-03-11T09:36:09Z",
            "id": "feature-flags-lite",
            "last_modified": "2025-03-11T14:42:19Z",
            "plan_id": "feature-flags-lite",
            "plan_name": "lite",
            "service_name": "feature-flags",
            "state": "OK",
            "subaccount_id": "e5871b13-4ec3-4b2d-b116-3b16e315557a"
          },
          "sensitive_attributes": [],
          "dependencies": [
            "btp_subaccount.project_subaccount",
            "random_uuid.uuid"
          ]
        }
      ]
    },
    {
      "module": "module.srvc_baseline",
      "mode": "managed",
      "type": "btp_subaccount_service_instance",
      "name": "alert_notification_service_standard",
      "provider": "provider[\"registry.terraform.io/sap/btp\"]",
      "instances": [
        {
          "schema_version": 0,
          "attributes": {
            "context": "{\"global_account_id\":\"ee21b1e8-9b5f-469c-bb05-ed28327f28a2\",\"license_type\":\"TRIAL\",\"subaccount_id\":\"e5871b13-4ec3-4b2d-b116-3b16e315557a\",\"env_type\":\"sapcp\",\"platform\":\"sapcp\",\"zone_id\":\"e5871b13-4ec3-4b2d-b116-3b16e315557a\",\"region\":\"cf-us10\",\"crm_customer_id\":\"\",\"origin\":\"sapcp\",\"subdomain\":\"dev-project-abc-7e8a0d43-bb65-1c5a-ef52-26d2eab8137a\",\"instance_name\":\"dev-project-abc-alert-notification\"}",
            "created_date": "2025-03-11T14:49:23Z",
            "dashboard_url": "",
            "id": "5eaad7d7-c5f0-41f5-8342-e48bb504fe89",
            "labels": {},
            "last_modified": "2025-03-11T14:49:24Z",
            "name": "dev-project-abc-alert-notification",
            "parameters": null,
            "platform_id": "service-manager",
            "ready": true,
            "referenced_instance_id": "",
            "serviceplan_id": "1a92101d-2e60-46f8-b41d-63489003dcd3",
            "shared": false,
            "state": "succeeded",
            "subaccount_id": "e5871b13-4ec3-4b2d-b116-3b16e315557a",
            "timeouts": null,
            "usable": true
          },
          "sensitive_attributes": [
            [
              {
                "type": "get_attr",
                "value": "parameters"
              }
            ]
          ],
          "dependencies": [
            "btp_subaccount.project_subaccount",
            "module.srvc_baseline.btp_subaccount_entitlement.alert_notification_service_standard",
            "module.srvc_baseline.data.btp_subaccount_service_plan.alert_notification_service_standard",
            "random_uuid.uuid"
          ]
        }
      ]
    },
    {
      "module": "module.srvc_baseline",
      "mode": "managed",
      "type": "btp_subaccount_subscription",
      "name": "feature_flags_dashboard_app",
      "provider": "provider[\"registry.terraform.io/sap/btp\"]",
      "instances": [
        {
          "schema_version": 0,
          "attributes": {
            "additional_plan_features": null,
            "app_id": "feature-flags!b1765",
            "app_name": "feature-flags-dashboard",
            "authentication_provider": "XSUAA",
            "category": "Foundation / Cross Services",
            "commercial_app_name": "feature-flags-dashboard",
            "created_date": "2025-03-11T14:52:11Z",
            "customer_developed": false,
            "description": "The Feature Flags service allows you to enable or disable new features at runtime without redeploying or restarting the application. You can use feature flags to control code delivery, synchronized rollout, direct shipment, and fast rollback of features.",
            "display_name": "Feature Flags Service",
            "formation_solution_name": "",
            "globalaccount_id": "36c433d1-e688-6c00-ce29-2a29a7a758e9",
            "id": "ecf9e1c4-ced9-4da5-b8eb-272088240434",
            "labels": null,
            "last_modified": "2025-03-11T14:52:13Z",
            "parameters": "{}",
            "plan_name": "dashboard",
            "platform_entity_id": "",
            "quota": 1,
            "state": "SUBSCRIBED",
            "subaccount_id": "e5871b13-4ec3-4b2d-b116-3b16e315557a",
            "subscribed_subaccount_id": "e5871b13-4ec3-4b2d-b116-3b16e315557a",
            "subscribed_tenant_id": "e5871b13-4ec3-4b2d-b116-3b16e315557a",
            "subscription_url": "https://dev-project-abc-7e8a0d43-bb65-1c5a-ef52-26d2eab8137a.feature-flags-dashboard.cfapps.us10.hana.ondemand.com",
            "supports_parameters_updates": false,
            "supports_plan_updates": false,
            "tenant_id": "faefaf02-0b2f-48e0-87e7-2d89c121dc25",
            "timeouts": null
          },
          "sensitive_attributes": [],
          "dependencies": [
            "btp_subaccount.project_subaccount",
            "module.srvc_baseline.btp_subaccount_entitlement.feature_flags_dashboard_app",
            "random_uuid.uuid"
          ]
        }
      ]
    }
  ],
  "check_results": [
    {
      "object_kind": "var",
      "config_addr": "var.subaccount_region",
      "status": "pass",
      "objects": [
        {
          "object_addr": "var.subaccount_region",
          "status": "pass"
        }
      ]
    },
    {
      "object_kind": "var",
      "config_addr": "var.subaccount_stage",
      "status": "pass",
      "objects": [
        {
          "object_addr": "var.subaccount_stage",
          "status": "pass"
        }
      ]
    },
    {
      "object_kind": "var",
      "config_addr": "var.project_costcenter",
      "status": "pass",
      "objects": [
        {
          "object_addr": "var.project_costcenter",
          "status": "pass"
        }
      ]
    },
    {
      "object_kind": "var",
      "config_addr": "module.srvc_baseline.var.project_stage",
      "status": "pass",
      "objects": [
        {
          "object_addr": "module.srvc_baseline.var.project_stage",
          "status": "pass"
        }
      ]
    }
  ]
}
